
Microsoft Visual Studio Solution File, Format Version 12.00
# Visual Studio Version 17
VisualStudioVersion = 17.7.34202.233
MinimumVisualStudioVersion = 10.0.40219.1
Project("{FAE04EC0-301F-11D3-BF4B-00C04F79EFBC}") = "FirstProject", "FirstProject\FirstProject.csproj", "{5DD7D20B-E6D7-4032-A8A0-249909AF57A1}"
EndProject
Global
	GlobalSection(SolutionConfigurationPlatforms) = preSolution
		Debug|Any CPU = Debug|Any CPU
		Release|Any CPU = Release|Any CPU
	EndGlobalSection
	GlobalSection(ProjectConfigurationPlatforms) = postSolution
		{5DD7D20B-E6D7-4032-A8A0-249909AF57A1}.Debug|Any CPU.ActiveCfg = Debug|Any CPU
		{5DD7D20B-E6D7-4032-A8A0-249909AF57A1}.Debug|Any CPU.Build.0 = Debug|Any CPU
		{5DD7D20B-E6D7-4032-A8A0-249909AF57A1}.Release|Any CPU.ActiveCfg = Release|Any CPU
		{5DD7D20B-E6D7-4032-A8A0-249909AF57A1}.Release|Any CPU.Build.0 = Release|Any CPU
	EndGlobalSection
	GlobalSection(SolutionProperties) = preSolution
		HideSolutionNode = FALSE
	EndGlobalSection
	GlobalSection(ExtensibilityGlobals) = postSolution
		SolutionGuid = {2C218D36-9A8E-4E23-B022-7384EB8435EF}
	EndGlobalSection
EndGlobal
